// !$*UTF8*$!
{
	archiveVersion = 1;
	classes = {
	};
	objectVersion = 56;
	objects = {

/* Begin PBXBuildFile section */
		E051193D2A9C6E76007293F0 /* AppDelegate.swift in Sources */ = {isa = PBXBuildFile; fileRef = E051193C2A9C6E76007293F0 /* AppDelegate.swift */; };
		E051193F2A9C6E76007293F0 /* SceneDelegate.swift in Sources */ = {isa = PBXBuildFile; fileRef = E051193E2A9C6E76007293F0 /* SceneDelegate.swift */; };
		E05119412A9C6E76007293F0 /* HomeViewController.swift in Sources */ = {isa = PBXBuildFile; fileRef = E05119402A9C6E76007293F0 /* HomeViewController.swift */; };
		E05119442A9C6E76007293F0 /* Main.storyboard in Resources */ = {isa = PBXBuildFile; fileRef = E05119422A9C6E76007293F0 /* Main.storyboard */; };
		E05119462A9C6E77007293F0 /* Assets.xcassets in Resources */ = {isa = PBXBuildFile; fileRef = E05119452A9C6E77007293F0 /* Assets.xcassets */; };
		E05119492A9C6E77007293F0 /* LaunchScreen.storyboard in Resources */ = {isa = PBXBuildFile; fileRef = E05119472A9C6E77007293F0 /* LaunchScreen.storyboard */; };
		E05119562A9C84C9007293F0 /* ExploreViewController.swift in Sources */ = {isa = PBXBuildFile; fileRef = E05119552A9C84C9007293F0 /* ExploreViewController.swift */; };
		E05119582A9C8501007293F0 /* CameraViewController.swift in Sources */ = {isa = PBXBuildFile; fileRef = E05119572A9C8501007293F0 /* CameraViewController.swift */; };
		E051195A2A9C8562007293F0 /* NotificationsViewController.swift in Sources */ = {isa = PBXBuildFile; fileRef = E05119592A9C8562007293F0 /* NotificationsViewController.swift */; };
		E051195C2A9C8582007293F0 /* ProfileViewController.swift in Sources */ = {isa = PBXBuildFile; fileRef = E051195B2A9C8582007293F0 /* ProfileViewController.swift */; };
		E05119612A9EFD9D007293F0 /* LoginViewController.swift in Sources */ = {isa = PBXBuildFile; fileRef = E05119602A9EFD9D007293F0 /* LoginViewController.swift */; };
		E05119632A9EFDBA007293F0 /* RegisterViewController.swift in Sources */ = {isa = PBXBuildFile; fileRef = E05119622A9EFDBA007293F0 /* RegisterViewController.swift */; };
		E05119652A9F14F9007293F0 /* PostViewController.swift in Sources */ = {isa = PBXBuildFile; fileRef = E05119642A9F14F9007293F0 /* PostViewController.swift */; };
		E05119672A9F1554007293F0 /* EditProfileViewController.swift in Sources */ = {isa = PBXBuildFile; fileRef = E05119662A9F1554007293F0 /* EditProfileViewController.swift */; };
		E05119692A9F1782007293F0 /* SettingsViewController.swift in Sources */ = {isa = PBXBuildFile; fileRef = E05119682A9F1782007293F0 /* SettingsViewController.swift */; };
		E051196B2A9F17A1007293F0 /* ListViewController.swift in Sources */ = {isa = PBXBuildFile; fileRef = E051196A2A9F17A1007293F0 /* ListViewController.swift */; };
		E051196D2A9F17B1007293F0 /* SearchViewController.swift in Sources */ = {isa = PBXBuildFile; fileRef = E051196C2A9F17B1007293F0 /* SearchViewController.swift */; };
		E051196F2A9F17DF007293F0 /* SearchResultViewController.swift in Sources */ = {isa = PBXBuildFile; fileRef = E051196E2A9F17DF007293F0 /* SearchResultViewController.swift */; };
/* End PBXBuildFile section */

/* Begin PBXFileReference section */
		E05119392A9C6E76007293F0 /* Mesh.app */ = {isa = PBXFileReference; explicitFileType = wrapper.application; includeInIndex = 0; path = Mesh.app; sourceTree = BUILT_PRODUCTS_DIR; };
		E051193C2A9C6E76007293F0 /* AppDelegate.swift */ = {isa = PBXFileReference; lastKnownFileType = sourcecode.swift; path = AppDelegate.swift; sourceTree = "<group>"; };
		E051193E2A9C6E76007293F0 /* SceneDelegate.swift */ = {isa = PBXFileReference; lastKnownFileType = sourcecode.swift; path = SceneDelegate.swift; sourceTree = "<group>"; };
		E05119402A9C6E76007293F0 /* HomeViewController.swift */ = {isa = PBXFileReference; lastKnownFileType = sourcecode.swift; path = HomeViewController.swift; sourceTree = "<group>"; };
		E05119432A9C6E76007293F0 /* Base */ = {isa = PBXFileReference; lastKnownFileType = file.storyboard; name = Base; path = Base.lproj/Main.storyboard; sourceTree = "<group>"; };
		E05119452A9C6E77007293F0 /* Assets.xcassets */ = {isa = PBXFileReference; lastKnownFileType = folder.assetcatalog; path = Assets.xcassets; sourceTree = "<group>"; };
		E05119482A9C6E77007293F0 /* Base */ = {isa = PBXFileReference; lastKnownFileType = file.storyboard; name = Base; path = Base.lproj/LaunchScreen.storyboard; sourceTree = "<group>"; };
		E051194A2A9C6E77007293F0 /* Info.plist */ = {isa = PBXFileReference; lastKnownFileType = text.plist.xml; path = Info.plist; sourceTree = "<group>"; };
		E05119552A9C84C9007293F0 /* ExploreViewController.swift */ = {isa = PBXFileReference; lastKnownFileType = sourcecode.swift; path = ExploreViewController.swift; sourceTree = "<group>"; };
		E05119572A9C8501007293F0 /* CameraViewController.swift */ = {isa = PBXFileReference; lastKnownFileType = sourcecode.swift; path = CameraViewController.swift; sourceTree = "<group>"; };
		E05119592A9C8562007293F0 /* NotificationsViewController.swift */ = {isa = PBXFileReference; lastKnownFileType = sourcecode.swift; path = NotificationsViewController.swift; sourceTree = "<group>"; };
		E051195B2A9C8582007293F0 /* ProfileViewController.swift */ = {isa = PBXFileReference; lastKnownFileType = sourcecode.swift; path = ProfileViewController.swift; sourceTree = "<group>"; };
		E05119602A9EFD9D007293F0 /* LoginViewController.swift */ = {isa = PBXFileReference; lastKnownFileType = sourcecode.swift; path = LoginViewController.swift; sourceTree = "<group>"; };
		E05119622A9EFDBA007293F0 /* RegisterViewController.swift */ = {isa = PBXFileReference; lastKnownFileType = sourcecode.swift; path = RegisterViewController.swift; sourceTree = "<group>"; };
		E05119642A9F14F9007293F0 /* PostViewController.swift */ = {isa = PBXFileReference; lastKnownFileType = sourcecode.swift; path = PostViewController.swift; sourceTree = "<group>"; };
		E05119662A9F1554007293F0 /* EditProfileViewController.swift */ = {isa = PBXFileReference; lastKnownFileType = sourcecode.swift; path = EditProfileViewController.swift; sourceTree = "<group>"; };
		E05119682A9F1782007293F0 /* SettingsViewController.swift */ = {isa = PBXFileReference; lastKnownFileType = sourcecode.swift; path = SettingsViewController.swift; sourceTree = "<group>"; };
		E051196A2A9F17A1007293F0 /* ListViewController.swift */ = {isa = PBXFileReference; lastKnownFileType = sourcecode.swift; path = ListViewController.swift; sourceTree = "<group>"; };
		E051196C2A9F17B1007293F0 /* SearchViewController.swift */ = {isa = PBXFileReference; lastKnownFileType = sourcecode.swift; path = SearchViewController.swift; sourceTree = "<group>"; };
		E051196E2A9F17DF007293F0 /* SearchResultViewController.swift */ = {isa = PBXFileReference; lastKnownFileType = sourcecode.swift; path = SearchResultViewController.swift; sourceTree = "<group>"; };
/* End PBXFileReference section */

/* Begin PBXFrameworksBuildPhase section */
		E05119362A9C6E76007293F0 /* Frameworks */ = {
			isa = PBXFrameworksBuildPhase;
			buildActionMask = 2147483647;
			files = (
			);
			runOnlyForDeploymentPostprocessing = 0;
		};
/* End PBXFrameworksBuildPhase section */

/* Begin PBXGroup section */
		E05119302A9C6E76007293F0 = {
			isa = PBXGroup;
			children = (
				E051193B2A9C6E76007293F0 /* Mesh */,
				E051193A2A9C6E76007293F0 /* Products */,
			);
			sourceTree = "<group>";
		};
		E051193A2A9C6E76007293F0 /* Products */ = {
			isa = PBXGroup;
			children = (
				E05119392A9C6E76007293F0 /* Mesh.app */,
			);
			name = Products;
			sourceTree = "<group>";
		};
		E051193B2A9C6E76007293F0 /* Mesh */ = {
			isa = PBXGroup;
			children = (
				E05119542A9C8330007293F0 /* Resources */,
				E05119532A9C8307007293F0 /* Controls */,
				E05119502A9C8253007293F0 /* Views */,
				E05119522A9C8281007293F0 /* Models */,
				E051194A2A9C6E77007293F0 /* Info.plist */,
			);
			path = Mesh;
			sourceTree = "<group>";
		};
		E05119502A9C8253007293F0 /* Views */ = {
			isa = PBXGroup;
			children = (
				E05119452A9C6E77007293F0 /* Assets.xcassets */,
				E05119512A9C8275007293F0 /* Storyboards */,
			);
			path = Views;
			sourceTree = "<group>";
		};
		E05119512A9C8275007293F0 /* Storyboards */ = {
			isa = PBXGroup;
			children = (
				E05119422A9C6E76007293F0 /* Main.storyboard */,
				E05119472A9C6E77007293F0 /* LaunchScreen.storyboard */,
			);
			path = Storyboards;
			sourceTree = "<group>";
		};
		E05119522A9C8281007293F0 /* Models */ = {
			isa = PBXGroup;
			children = (
			);
			path = Models;
			sourceTree = "<group>";
		};
		E05119532A9C8307007293F0 /* Controls */ = {
			isa = PBXGroup;
			children = (
				E051195E2A9EFD75007293F0 /* Other */,
				E051195D2A9C8588007293F0 /* Tabs */,
			);
			path = Controls;
			sourceTree = "<group>";
		};
		E05119542A9C8330007293F0 /* Resources */ = {
			isa = PBXGroup;
			children = (
				E051193C2A9C6E76007293F0 /* AppDelegate.swift */,
				E051193E2A9C6E76007293F0 /* SceneDelegate.swift */,
			);
			path = Resources;
			sourceTree = "<group>";
		};
		E051195D2A9C8588007293F0 /* Tabs */ = {
			isa = PBXGroup;
			children = (
				E05119402A9C6E76007293F0 /* HomeViewController.swift */,
				E05119552A9C84C9007293F0 /* ExploreViewController.swift */,
				E05119572A9C8501007293F0 /* CameraViewController.swift */,
				E05119592A9C8562007293F0 /* NotificationsViewController.swift */,
				E051195B2A9C8582007293F0 /* ProfileViewController.swift */,
			);
			path = Tabs;
			sourceTree = "<group>";
		};
		E051195E2A9EFD75007293F0 /* Other */ = {
			isa = PBXGroup;
			children = (
				E05119642A9F14F9007293F0 /* PostViewController.swift */,
				E05119662A9F1554007293F0 /* EditProfileViewController.swift */,
				E05119682A9F1782007293F0 /* SettingsViewController.swift */,
				E051196A2A9F17A1007293F0 /* ListViewController.swift */,
				E051196C2A9F17B1007293F0 /* SearchViewController.swift */,
				E051196E2A9F17DF007293F0 /* SearchResultViewController.swift */,
				E051195F2A9EFD83007293F0 /* Onboarding */,
			);
			path = Other;
			sourceTree = "<group>";
		};
		E051195F2A9EFD83007293F0 /* Onboarding */ = {
			isa = PBXGroup;
			children = (
				E05119602A9EFD9D007293F0 /* LoginViewController.swift */,
				E05119622A9EFDBA007293F0 /* RegisterViewController.swift */,
			);
			path = Onboarding;
			sourceTree = "<group>";
		};
/* End PBXGroup section */

/* Begin PBXNativeTarget section */
		E05119382A9C6E76007293F0 /* Mesh */ = {
			isa = PBXNativeTarget;
			buildConfigurationList = E051194D2A9C6E77007293F0 /* Build configuration list for PBXNativeTarget "Mesh" */;
			buildPhases = (
				E05119352A9C6E76007293F0 /* Sources */,
				E05119362A9C6E76007293F0 /* Frameworks */,
				E05119372A9C6E76007293F0 /* Resources */,
			);
			buildRules = (
			);
			dependencies = (
			);
			name = Mesh;
			productName = Mesh;
			productReference = E05119392A9C6E76007293F0 /* Mesh.app */;
			productType = "com.apple.product-type.application";
		};
/* End PBXNativeTarget section */

/* Begin PBXProject section */
		E05119312A9C6E76007293F0 /* Project object */ = {
			isa = PBXProject;
			attributes = {
				BuildIndependentTargetsInParallel = 1;
				LastSwiftUpdateCheck = 1430;
				LastUpgradeCheck = 1430;
				TargetAttributes = {
					E05119382A9C6E76007293F0 = {
						CreatedOnToolsVersion = 14.3.1;
					};
				};
			};
			buildConfigurationList = E05119342A9C6E76007293F0 /* Build configuration list for PBXProject "Mesh" */;
			compatibilityVersion = "Xcode 14.0";
			developmentRegion = en;
			hasScannedForEncodings = 0;
			knownRegions = (
				en,
				Base,
			);
			mainGroup = E05119302A9C6E76007293F0;
			productRefGroup = E051193A2A9C6E76007293F0 /* Products */;
			projectDirPath = "";
			projectRoot = "";
			targets = (
				E05119382A9C6E76007293F0 /* Mesh */,
			);
		};
/* End PBXProject section */

/* Begin PBXResourcesBuildPhase section */
		E05119372A9C6E76007293F0 /* Resources */ = {
			isa = PBXResourcesBuildPhase;
			buildActionMask = 2147483647;
			files = (
				E05119492A9C6E77007293F0 /* LaunchScreen.storyboard in Resources */,
				E05119462A9C6E77007293F0 /* Assets.xcassets in Resources */,
				E05119442A9C6E76007293F0 /* Main.storyboard in Resources */,
			);
			runOnlyForDeploymentPostprocessing = 0;
		};
/* End PBXResourcesBuildPhase section */

/* Begin PBXSourcesBuildPhase section */
		E05119352A9C6E76007293F0 /* Sources */ = {
			isa = PBXSourcesBuildPhase;
			buildActionMask = 2147483647;
			files = (
				E05119672A9F1554007293F0 /* EditProfileViewController.swift in Sources */,
				E05119632A9EFDBA007293F0 /* RegisterViewController.swift in Sources */,
				E05119562A9C84C9007293F0 /* ExploreViewController.swift in Sources */,
				E05119412A9C6E76007293F0 /* HomeViewController.swift in Sources */,
				E051193D2A9C6E76007293F0 /* AppDelegate.swift in Sources */,
				E05119652A9F14F9007293F0 /* PostViewController.swift in Sources */,
				E051195A2A9C8562007293F0 /* NotificationsViewController.swift in Sources */,
				E051196F2A9F17DF007293F0 /* SearchResultViewController.swift in Sources */,
				E05119612A9EFD9D007293F0 /* LoginViewController.swift in Sources */,
				E051196D2A9F17B1007293F0 /* SearchViewController.swift in Sources */,
				E051195C2A9C8582007293F0 /* ProfileViewController.swift in Sources */,
				E051193F2A9C6E76007293F0 /* SceneDelegate.swift in Sources */,
				E05119582A9C8501007293F0 /* CameraViewController.swift in Sources */,
				E051196B2A9F17A1007293F0 /* ListViewController.swift in Sources */,
				E05119692A9F1782007293F0 /* SettingsViewController.swift in Sources */,
			);
			runOnlyForDeploymentPostprocessing = 0;
		};
/* End PBXSourcesBuildPhase section */

/* Begin PBXVariantGroup section */
		E05119422A9C6E76007293F0 /* Main.storyboard */ = {
			isa = PBXVariantGroup;
			children = (
				E05119432A9C6E76007293F0 /* Base */,
			);
			name = Main.storyboard;
			sourceTree = "<group>";
		};
		E05119472A9C6E77007293F0 /* LaunchScreen.storyboard */ = {
			isa = PBXVariantGroup;
			children = (
				E05119482A9C6E77007293F0 /* Base */,
			);
			name = LaunchScreen.storyboard;
			sourceTree = "<group>";
		};
/* End PBXVariantGroup section */

/* Begin XCBuildConfiguration section */
		E051194B2A9C6E77007293F0 /* Debug */ = {
			isa = XCBuildConfiguration;
			buildSettings = {
				ALWAYS_SEARCH_USER_PATHS = NO;
				CLANG_ANALYZER_NONNULL = YES;
				CLANG_ANALYZER_NUMBER_OBJECT_CONVERSION = YES_AGGRESSIVE;
				CLANG_CXX_LANGUAGE_STANDARD = "gnu++20";
				CLANG_ENABLE_MODULES = YES;
				CLANG_ENABLE_OBJC_ARC = YES;
				CLANG_ENABLE_OBJC_WEAK = YES;
				CLANG_WARN_BLOCK_CAPTURE_AUTORELEASING = YES;
				CLANG_WARN_BOOL_CONVERSION = YES;
				CLANG_WARN_COMMA = YES;
				CLANG_WARN_CONSTANT_CONVERSION = YES;
				CLANG_WARN_DEPRECATED_OBJC_IMPLEMENTATIONS = YES;
				CLANG_WARN_DIRECT_OBJC_ISA_USAGE = YES_ERROR;
				CLANG_WARN_DOCUMENTATION_COMMENTS = YES;
				CLANG_WARN_EMPTY_BODY = YES;
				CLANG_WARN_ENUM_CONVERSION = YES;
				CLANG_WARN_INFINITE_RECURSION = YES;
				CLANG_WARN_INT_CONVERSION = YES;
				CLANG_WARN_NON_LITERAL_NULL_CONVERSION = YES;
				CLANG_WARN_OBJC_IMPLICIT_RETAIN_SELF = YES;
				CLANG_WARN_OBJC_LITERAL_CONVERSION = YES;
				CLANG_WARN_OBJC_ROOT_CLASS = YES_ERROR;
				CLANG_WARN_QUOTED_INCLUDE_IN_FRAMEWORK_HEADER = YES;
				CLANG_WARN_RANGE_LOOP_ANALYSIS = YES;
				CLANG_WARN_STRICT_PROTOTYPES = YES;
				CLANG_WARN_SUSPICIOUS_MOVE = YES;
				CLANG_WARN_UNGUARDED_AVAILABILITY = YES_AGGRESSIVE;
				CLANG_WARN_UNREACHABLE_CODE = YES;
				CLANG_WARN__DUPLICATE_METHOD_MATCH = YES;
				COPY_PHASE_STRIP = NO;
				DEBUG_INFORMATION_FORMAT = dwarf;
				ENABLE_STRICT_OBJC_MSGSEND = YES;
				ENABLE_TESTABILITY = YES;
				GCC_C_LANGUAGE_STANDARD = gnu11;
				GCC_DYNAMIC_NO_PIC = NO;
				GCC_NO_COMMON_BLOCKS = YES;
				GCC_OPTIMIZATION_LEVEL = 0;
				GCC_PREPROCESSOR_DEFINITIONS = (
					"DEBUG=1",
					"$(inherited)",
				);
				GCC_WARN_64_TO_32_BIT_CONVERSION = YES;
				GCC_WARN_ABOUT_RETURN_TYPE = YES_ERROR;
				GCC_WARN_UNDECLARED_SELECTOR = YES;
				GCC_WARN_UNINITIALIZED_AUTOS = YES_AGGRESSIVE;
				GCC_WARN_UNUSED_FUNCTION = YES;
				GCC_WARN_UNUSED_VARIABLE = YES;
				IPHONEOS_DEPLOYMENT_TARGET = 16.4;
				MTL_ENABLE_DEBUG_INFO = INCLUDE_SOURCE;
				MTL_FAST_MATH = YES;
				ONLY_ACTIVE_ARCH = YES;
				SDKROOT = iphoneos;
				SWIFT_ACTIVE_COMPILATION_CONDITIONS = DEBUG;
				SWIFT_OPTIMIZATION_LEVEL = "-Onone";
			};
			name = Debug;
		};
		E051194C2A9C6E77007293F0 /* Release */ = {
			isa = XCBuildConfiguration;
			buildSettings = {
				ALWAYS_SEARCH_USER_PATHS = NO;
				CLANG_ANALYZER_NONNULL = YES;
				CLANG_ANALYZER_NUMBER_OBJECT_CONVERSION = YES_AGGRESSIVE;
				CLANG_CXX_LANGUAGE_STANDARD = "gnu++20";
				CLANG_ENABLE_MODULES = YES;
				CLANG_ENABLE_OBJC_ARC = YES;
				CLANG_ENABLE_OBJC_WEAK = YES;
				CLANG_WARN_BLOCK_CAPTURE_AUTORELEASING = YES;
				CLANG_WARN_BOOL_CONVERSION = YES;
				CLANG_WARN_COMMA = YES;
				CLANG_WARN_CONSTANT_CONVERSION = YES;
				CLANG_WARN_DEPRECATED_OBJC_IMPLEMENTATIONS = YES;
				CLANG_WARN_DIRECT_OBJC_ISA_USAGE = YES_ERROR;
				CLANG_WARN_DOCUMENTATION_COMMENTS = YES;
				CLANG_WARN_EMPTY_BODY = YES;
				CLANG_WARN_ENUM_CONVERSION = YES;
				CLANG_WARN_INFINITE_RECURSION = YES;
				CLANG_WARN_INT_CONVERSION = YES;
				CLANG_WARN_NON_LITERAL_NULL_CONVERSION = YES;
				CLANG_WARN_OBJC_IMPLICIT_RETAIN_SELF = YES;
				CLANG_WARN_OBJC_LITERAL_CONVERSION = YES;
				CLANG_WARN_OBJC_ROOT_CLASS = YES_ERROR;
				CLANG_WARN_QUOTED_INCLUDE_IN_FRAMEWORK_HEADER = YES;
				CLANG_WARN_RANGE_LOOP_ANALYSIS = YES;
				CLANG_WARN_STRICT_PROTOTYPES = YES;
				CLANG_WARN_SUSPICIOUS_MOVE = YES;
				CLANG_WARN_UNGUARDED_AVAILABILITY = YES_AGGRESSIVE;
				CLANG_WARN_UNREACHABLE_CODE = YES;
				CLANG_WARN__DUPLICATE_METHOD_MATCH = YES;
				COPY_PHASE_STRIP = NO;
				DEBUG_INFORMATION_FORMAT = "dwarf-with-dsym";
				ENABLE_NS_ASSERTIONS = NO;
				ENABLE_STRICT_OBJC_MSGSEND = YES;
				GCC_C_LANGUAGE_STANDARD = gnu11;
				GCC_NO_COMMON_BLOCKS = YES;
				GCC_WARN_64_TO_32_BIT_CONVERSION = YES;
				GCC_WARN_ABOUT_RETURN_TYPE = YES_ERROR;
				GCC_WARN_UNDECLARED_SELECTOR = YES;
				GCC_WARN_UNINITIALIZED_AUTOS = YES_AGGRESSIVE;
				GCC_WARN_UNUSED_FUNCTION = YES;
				GCC_WARN_UNUSED_VARIABLE = YES;
				IPHONEOS_DEPLOYMENT_TARGET = 16.4;
				MTL_ENABLE_DEBUG_INFO = NO;
				MTL_FAST_MATH = YES;
				SDKROOT = iphoneos;
				SWIFT_COMPILATION_MODE = wholemodule;
				SWIFT_OPTIMIZATION_LEVEL = "-O";
				VALIDATE_PRODUCT = YES;
			};
			name = Release;
		};
		E051194E2A9C6E77007293F0 /* Debug */ = {
			isa = XCBuildConfiguration;
			buildSettings = {
				ASSETCATALOG_COMPILER_APPICON_NAME = AppIcon;
				ASSETCATALOG_COMPILER_GLOBAL_ACCENT_COLOR_NAME = AccentColor;
				CODE_SIGN_STYLE = Automatic;
				CURRENT_PROJECT_VERSION = 1;
				DEVELOPMENT_TEAM = BRK89YH8NY;
				GENERATE_INFOPLIST_FILE = YES;
				INFOPLIST_FILE = Mesh/Info.plist;
				INFOPLIST_KEY_UIApplicationSupportsIndirectInputEvents = YES;
				INFOPLIST_KEY_UILaunchStoryboardName = LaunchScreen;
				INFOPLIST_KEY_UIMainStoryboardFile = Main;
				INFOPLIST_KEY_UISupportedInterfaceOrientations_iPad = "UIInterfaceOrientationPortrait UIInterfaceOrientationPortraitUpsideDown UIInterfaceOrientationLandscapeLeft UIInterfaceOrientationLandscapeRight";
				INFOPLIST_KEY_UISupportedInterfaceOrientations_iPhone = "UIInterfaceOrientationPortrait UIInterfaceOrientationLandscapeLeft UIInterfaceOrientationLandscapeRight";
				LD_RUNPATH_SEARCH_PATHS = (
					"$(inherited)",
					"@executable_path/Frameworks",
				);
				MARKETING_VERSION = 1.0;
				PRODUCT_BUNDLE_IDENTIFIER = com.rony.Mesh;
				PRODUCT_NAME = "$(TARGET_NAME)";
				SWIFT_EMIT_LOC_STRINGS = YES;
				SWIFT_VERSION = 5.0;
				TARGETED_DEVICE_FAMILY = "1,2";
			};
			name = Debug;
		};
		E051194F2A9C6E77007293F0 /* Release */ = {
			isa = XCBuildConfiguration;
			buildSettings = {
				ASSETCATALOG_COMPILER_APPICON_NAME = AppIcon;
				ASSETCATALOG_COMPILER_GLOBAL_ACCENT_COLOR_NAME = AccentColor;
				CODE_SIGN_STYLE = Automatic;
				CURRENT_PROJECT_VERSION = 1;
				DEVELOPMENT_TEAM = BRK89YH8NY;
				GENERATE_INFOPLIST_FILE = YES;
				INFOPLIST_FILE = Mesh/Info.plist;
				INFOPLIST_KEY_UIApplicationSupportsIndirectInputEvents = YES;
				INFOPLIST_KEY_UILaunchStoryboardName = LaunchScreen;
				INFOPLIST_KEY_UIMainStoryboardFile = Main;
				INFOPLIST_KEY_UISupportedInterfaceOrientations_iPad = "UIInterfaceOrientationPortrait UIInterfaceOrientationPortraitUpsideDown UIInterfaceOrientationLandscapeLeft UIInterfaceOrientationLandscapeRight";
				INFOPLIST_KEY_UISupportedInterfaceOrientations_iPhone = "UIInterfaceOrientationPortrait UIInterfaceOrientationLandscapeLeft UIInterfaceOrientationLandscapeRight";
				LD_RUNPATH_SEARCH_PATHS = (
					"$(inherited)",
					"@executable_path/Frameworks",
				);
				MARKETING_VERSION = 1.0;
				PRODUCT_BUNDLE_IDENTIFIER = com.rony.Mesh;
				PRODUCT_NAME = "$(TARGET_NAME)";
				SWIFT_EMIT_LOC_STRINGS = YES;
				SWIFT_VERSION = 5.0;
				TARGETED_DEVICE_FAMILY = "1,2";
			};
			name = Release;
		};
/* End XCBuildConfiguration section */

/* Begin XCConfigurationList section */
		E05119342A9C6E76007293F0 /* Build configuration list for PBXProject "Mesh" */ = {
			isa = XCConfigurationList;
			buildConfigurations = (
				E051194B2A9C6E77007293F0 /* Debug */,
				E051194C2A9C6E77007293F0 /* Release */,
			);
			defaultConfigurationIsVisible = 0;
			defaultConfigurationName = Release;
		};
		E051194D2A9C6E77007293F0 /* Build configuration list for PBXNativeTarget "Mesh" */ = {
			isa = XCConfigurationList;
			buildConfigurations = (
				E051194E2A9C6E77007293F0 /* Debug */,
				E051194F2A9C6E77007293F0 /* Release */,
			);
			defaultConfigurationIsVisible = 0;
			defaultConfigurationName = Release;
		};
/* End XCConfigurationList section */
	};
	rootObject = E05119312A9C6E76007293F0 /* Project object */;
}
